
Microsoft Visual Studio Solution File, Format Version 12.00
# Visual Studio 15
VisualStudioVersion = 15.0.28307.329
MinimumVisualStudioVersion = 10.0.40219.1
Project("{FAE04EC0-301F-11D3-BF4B-00C04F79EFBC}") = "App.UI.Desktop", "App.UI.Desktop\App.UI.Desktop.csproj", "{B265190C-854E-4D02-B5AD-A7DCF4FCC58D}"
EndProject
Project("{FAE04EC0-301F-11D3-BF4B-00C04F79EFBC}") = "App.UI.MVC", "App.UI.MVC\App.UI.MVC.csproj", "{65E138F1-3087-4918-92F4-8E9CAE89B332}"
EndProject
Project("{FAE04EC0-301F-11D3-BF4B-00C04F79EFBC}") = "App.UI.WebForm", "App.UI.WebForm\App.UI.WebForm.csproj", "{9206C11C-E5E2-435A-9202-EA2417D4480C}"
EndProject
Project("{FAE04EC0-301F-11D3-BF4B-00C04F79EFBC}") = "App.Tests", "App.Tests\App.Tests.csproj", "{21C60849-F896-444F-BCD6-4BC7D2BB20B2}"
EndProject
Project("{FAE04EC0-301F-11D3-BF4B-00C04F79EFBC}") = "App.Entities", "App.Entities\App.Entities.csproj", "{19A6571A-B9C5-4C6E-8077-F51F00C10562}"
EndProject
Global
	GlobalSection(SolutionConfigurationPlatforms) = preSolution
		Debug|Any CPU = Debug|Any CPU
		Release|Any CPU = Release|Any CPU
	EndGlobalSection
	GlobalSection(ProjectConfigurationPlatforms) = postSolution
		{B265190C-854E-4D02-B5AD-A7DCF4FCC58D}.Debug|Any CPU.ActiveCfg = Debug|Any CPU
		{B265190C-854E-4D02-B5AD-A7DCF4FCC58D}.Debug|Any CPU.Build.0 = Debug|Any CPU
		{B265190C-854E-4D02-B5AD-A7DCF4FCC58D}.Release|Any CPU.ActiveCfg = Release|Any CPU
		{B265190C-854E-4D02-B5AD-A7DCF4FCC58D}.Release|Any CPU.Build.0 = Release|Any CPU
		{65E138F1-3087-4918-92F4-8E9CAE89B332}.Debug|Any CPU.ActiveCfg = Debug|Any CPU
		{65E138F1-3087-4918-92F4-8E9CAE89B332}.Debug|Any CPU.Build.0 = Debug|Any CPU
		{65E138F1-3087-4918-92F4-8E9CAE89B332}.Release|Any CPU.ActiveCfg = Release|Any CPU
		{65E138F1-3087-4918-92F4-8E9CAE89B332}.Release|Any CPU.Build.0 = Release|Any CPU
		{9206C11C-E5E2-435A-9202-EA2417D4480C}.Debug|Any CPU.ActiveCfg = Debug|Any CPU
		{9206C11C-E5E2-435A-9202-EA2417D4480C}.Debug|Any CPU.Build.0 = Debug|Any CPU
		{9206C11C-E5E2-435A-9202-EA2417D4480C}.Release|Any CPU.ActiveCfg = Release|Any CPU
		{9206C11C-E5E2-435A-9202-EA2417D4480C}.Release|Any CPU.Build.0 = Release|Any CPU
		{21C60849-F896-444F-BCD6-4BC7D2BB20B2}.Debug|Any CPU.ActiveCfg = Debug|Any CPU
		{21C60849-F896-444F-BCD6-4BC7D2BB20B2}.Debug|Any CPU.Build.0 = Debug|Any CPU
		{21C60849-F896-444F-BCD6-4BC7D2BB20B2}.Release|Any CPU.ActiveCfg = Release|Any CPU
		{21C60849-F896-444F-BCD6-4BC7D2BB20B2}.Release|Any CPU.Build.0 = Release|Any CPU
		{19A6571A-B9C5-4C6E-8077-F51F00C10562}.Debug|Any CPU.ActiveCfg = Debug|Any CPU
		{19A6571A-B9C5-4C6E-8077-F51F00C10562}.Debug|Any CPU.Build.0 = Debug|Any CPU
		{19A6571A-B9C5-4C6E-8077-F51F00C10562}.Release|Any CPU.ActiveCfg = Release|Any CPU
		{19A6571A-B9C5-4C6E-8077-F51F00C10562}.Release|Any CPU.Build.0 = Release|Any CPU
	EndGlobalSection
	GlobalSection(SolutionProperties) = preSolution
		HideSolutionNode = FALSE
	EndGlobalSection
	GlobalSection(ExtensibilityGlobals) = postSolution
		SolutionGuid = {F2AF7D7B-8D77-42BC-90EC-473DCC5EFEA1}
	EndGlobalSection
EndGlobal
